
Microsoft Visual Studio Solution File, Format Version 12.00
# Visual Studio Version 16
VisualStudioVersion = 16.0.29123.88
MinimumVisualStudioVersion = 10.0.40219.1
Project("{FAE04EC0-301F-11D3-BF4B-00C04F79EFBC}") = "MsBuild", "MsBuild\MsBuild.csproj", "{6F463FC5-0C49-4624-A82B-ACB49BD61979}"
EndProject
Global
	GlobalSection(SolutionConfigurationPlatforms) = preSolution
		Debug|Any CPU = Debug|Any CPU
		Release|Any CPU = Release|Any CPU
	EndGlobalSection
	GlobalSection(ProjectConfigurationPlatforms) = postSolution
		{6F463FC5-0C49-4624-A82B-ACB49BD61979}.Debug|Any CPU.ActiveCfg = Debug|Any CPU
		{6F463FC5-0C49-4624-A82B-ACB49BD61979}.Debug|Any CPU.Build.0 = Debug|Any CPU
		{6F463FC5-0C49-4624-A82B-ACB49BD61979}.Release|Any CPU.ActiveCfg = Release|Any CPU
		{6F463FC5-0C49-4624-A82B-ACB49BD61979}.Release|Any CPU.Build.0 = Release|Any CPU
	EndGlobalSection
	GlobalSection(SolutionProperties) = preSolution
		HideSolutionNode = FALSE
	EndGlobalSection
	GlobalSection(ExtensibilityGlobals) = postSolution
		SolutionGuid = {7B643548-0CE2-4DAA-BD35-D2633541F16C}
	EndGlobalSection
EndGlobal
